// !$*UTF8*$!
{
	archiveVersion = 1;
	classes = {
	};
	objectVersion = 46;
	objects = {

/* Begin PBXBuildFile section */
		4382638D1DCDF5B20032C947 /* AppDelegate.swift in Sources */ = {isa = PBXBuildFile; fileRef = 4382638C1DCDF5B20032C947 /* AppDelegate.swift */; };
		4382638F1DCDF5B20032C947 /* ViewController.swift in Sources */ = {isa = PBXBuildFile; fileRef = 4382638E1DCDF5B20032C947 /* ViewController.swift */; };
		438263921DCDF5B20032C947 /* Main.storyboard in Resources */ = {isa = PBXBuildFile; fileRef = 438263901DCDF5B20032C947 /* Main.storyboard */; };
		438263941DCDF5B20032C947 /* Assets.xcassets in Resources */ = {isa = PBXBuildFile; fileRef = 438263931DCDF5B20032C947 /* Assets.xcassets */; };
		438263971DCDF5B20032C947 /* LaunchScreen.storyboard in Resources */ = {isa = PBXBuildFile; fileRef = 438263951DCDF5B20032C947 /* LaunchScreen.storyboard */; };
/* End PBXBuildFile section */

/* Begin PBXFileReference section */
		438263891DCDF5B20032C947 /* OddEye.app */ = {isa = PBXFileReference; explicitFileType = wrapper.application; includeInIndex = 0; path = OddEye.app; sourceTree = BUILT_PRODUCTS_DIR; };
		4382638C1DCDF5B20032C947 /* AppDelegate.swift */ = {isa = PBXFileReference; lastKnownFileType = sourcecode.swift; path = AppDelegate.swift; sourceTree = "<group>"; };
		4382638E1DCDF5B20032C947 /* ViewController.swift */ = {isa = PBXFileReference; lastKnownFileType = sourcecode.swift; path = ViewController.swift; sourceTree = "<group>"; };
		438263911DCDF5B20032C947 /* Base */ = {isa = PBXFileReference; lastKnownFileType = file.storyboard; name = Base; path = Base.lproj/Main.storyboard; sourceTree = "<group>"; };
		438263931DCDF5B20032C947 /* Assets.xcassets */ = {isa = PBXFileReference; lastKnownFileType = folder.assetcatalog; path = Assets.xcassets; sourceTree = "<group>"; };
		438263961DCDF5B20032C947 /* Base */ = {isa = PBXFileReference; lastKnownFileType = file.storyboard; name = Base; path = Base.lproj/LaunchScreen.storyboard; sourceTree = "<group>"; };
		438263981DCDF5B20032C947 /* Info.plist */ = {isa = PBXFileReference; lastKnownFileType = text.plist.xml; path = Info.plist; sourceTree = "<group>"; };
/* End PBXFileReference section */

/* Begin PBXFrameworksBuildPhase section */
		438263861DCDF5B20032C947 /* Frameworks */ = {
			isa = PBXFrameworksBuildPhase;
			buildActionMask = 2147483647;
			files = (
			);
			runOnlyForDeploymentPostprocessing = 0;
		};
/* End PBXFrameworksBuildPhase section */

/* Begin PBXGroup section */
		438263801DCDF5B20032C947 = {
			isa = PBXGroup;
			children = (
				4382638B1DCDF5B20032C947 /* OddEye */,
			);
			sourceTree = "<group>";
		};
		4382638A1DCDF5B20032C947 /* Products */ = {
			isa = PBXGroup;
			children = (
				438263891DCDF5B20032C947 /* OddEye.app */,
			);
			name = Products;
			path = ..;
			sourceTree = "<group>";
		};
		4382638B1DCDF5B20032C947 /* OddEye */ = {
			isa = PBXGroup;
			children = (
				4382639E1DCDF5F40032C947 /* Support */,
				4382639F1DCDF6060032C947 /* Images */,
				438263A01DCDF60E0032C947 /* Layout */,
				4382638C1DCDF5B20032C947 /* AppDelegate.swift */,
				4382638E1DCDF5B20032C947 /* ViewController.swift */,
			);
			path = OddEye;
			sourceTree = "<group>";
		};
		4382639E1DCDF5F40032C947 /* Support */ = {
			isa = PBXGroup;
			children = (
				4382638A1DCDF5B20032C947 /* Products */,
				438263981DCDF5B20032C947 /* Info.plist */,
			);
			name = Support;
			sourceTree = "<group>";
		};
		4382639F1DCDF6060032C947 /* Images */ = {
			isa = PBXGroup;
			children = (
				438263931DCDF5B20032C947 /* Assets.xcassets */,
			);
			name = Images;
			sourceTree = "<group>";
		};
		438263A01DCDF60E0032C947 /* Layout */ = {
			isa = PBXGroup;
			children = (
				438263901DCDF5B20032C947 /* Main.storyboard */,
				438263951DCDF5B20032C947 /* LaunchScreen.storyboard */,
			);
			name = Layout;
			sourceTree = "<group>";
		};
/* End PBXGroup section */

/* Begin PBXNativeTarget section */
		438263881DCDF5B20032C947 /* OddEye */ = {
			isa = PBXNativeTarget;
			buildConfigurationList = 4382639B1DCDF5B20032C947 /* Build configuration list for PBXNativeTarget "OddEye" */;
			buildPhases = (
				438263851DCDF5B20032C947 /* Sources */,
				438263861DCDF5B20032C947 /* Frameworks */,
				438263871DCDF5B20032C947 /* Resources */,
			);
			buildRules = (
			);
			dependencies = (
			);
			name = OddEye;
			productName = OddEye;
			productReference = 438263891DCDF5B20032C947 /* OddEye.app */;
			productType = "com.apple.product-type.application";
		};
/* End PBXNativeTarget section */

/* Begin PBXProject section */
		438263811DCDF5B20032C947 /* Project object */ = {
			isa = PBXProject;
			attributes = {
				LastSwiftUpdateCheck = 0800;
				LastUpgradeCheck = 0800;
				ORGANIZATIONNAME = Guihsoft;
				TargetAttributes = {
					438263881DCDF5B20032C947 = {
						CreatedOnToolsVersion = 8.0;
						DevelopmentTeam = 7AH86L34EQ;
						ProvisioningStyle = Automatic;
					};
				};
			};
			buildConfigurationList = 438263841DCDF5B20032C947 /* Build configuration list for PBXProject "OddEye" */;
			compatibilityVersion = "Xcode 3.2";
			developmentRegion = English;
			hasScannedForEncodings = 0;
			knownRegions = (
				en,
				Base,
			);
			mainGroup = 438263801DCDF5B20032C947;
			productRefGroup = 4382638A1DCDF5B20032C947 /* Products */;
			projectDirPath = "";
			projectRoot = "";
			targets = (
				438263881DCDF5B20032C947 /* OddEye */,
			);
		};
/* End PBXProject section */

/* Begin PBXResourcesBuildPhase section */
		438263871DCDF5B20032C947 /* Resources */ = {
			isa = PBXResourcesBuildPhase;
			buildActionMask = 2147483647;
			files = (
				438263971DCDF5B20032C947 /* LaunchScreen.storyboard in Resources */,
				438263941DCDF5B20032C947 /* Assets.xcassets in Resources */,
				438263921DCDF5B20032C947 /* Main.storyboard in Resources */,
			);
			runOnlyForDeploymentPostprocessing = 0;
		};
/* End PBXResourcesBuildPhase section */

/* Begin PBXSourcesBuildPhase section */
		438263851DCDF5B20032C947 /* Sources */ = {
			isa = PBXSourcesBuildPhase;
			buildActionMask = 2147483647;
			files = (
				4382638F1DCDF5B20032C947 /* ViewController.swift in Sources */,
				4382638D1DCDF5B20032C947 /* AppDelegate.swift in Sources */,
			);
			runOnlyForDeploymentPostprocessing = 0;
		};
/* End PBXSourcesBuildPhase section */

/* Begin PBXVariantGroup section */
		438263901DCDF5B20032C947 /* Main.storyboard */ = {
			isa = PBXVariantGroup;
			children = (
				438263911DCDF5B20032C947 /* Base */,
			);
			name = Main.storyboard;
			sourceTree = "<group>";
		};
		438263951DCDF5B20032C947 /* LaunchScreen.storyboard */ = {
			isa = PBXVariantGroup;
			children = (
				438263961DCDF5B20032C947 /* Base */,
			);
			name = LaunchScreen.storyboard;
			sourceTree = "<group>";
		};
/* End PBXVariantGroup section */

/* Begin XCBuildConfiguration section */
		438263991DCDF5B20032C947 /* Debug */ = {
			isa = XCBuildConfiguration;
			buildSettings = {
				ALWAYS_SEARCH_USER_PATHS = NO;
				CLANG_ANALYZER_NONNULL = YES;
				CLANG_CXX_LANGUAGE_STANDARD = "gnu++0x";
				CLANG_CXX_LIBRARY = "libc++";
				CLANG_ENABLE_MODULES = YES;
				CLANG_ENABLE_OBJC_ARC = YES;
				CLANG_WARN_BOOL_CONVERSION = YES;
				CLANG_WARN_CONSTANT_CONVERSION = YES;
				CLANG_WARN_DIRECT_OBJC_ISA_USAGE = YES_ERROR;
				CLANG_WARN_DOCUMENTATION_COMMENTS = YES;
				CLANG_WARN_EMPTY_BODY = YES;
				CLANG_WARN_ENUM_CONVERSION = YES;
				CLANG_WARN_INFINITE_RECURSION = YES;
				CLANG_WARN_INT_CONVERSION = YES;
				CLANG_WARN_OBJC_ROOT_CLASS = YES_ERROR;
				CLANG_WARN_SUSPICIOUS_MOVES = YES;
				CLANG_WARN_UNREACHABLE_CODE = YES;
				CLANG_WARN__DUPLICATE_METHOD_MATCH = YES;
				"CODE_SIGN_IDENTITY[sdk=iphoneos*]" = "iPhone Developer";
				COPY_PHASE_STRIP = NO;
				DEBUG_INFORMATION_FORMAT = dwarf;
				ENABLE_STRICT_OBJC_MSGSEND = YES;
				ENABLE_TESTABILITY = YES;
				GCC_C_LANGUAGE_STANDARD = gnu99;
				GCC_DYNAMIC_NO_PIC = NO;
				GCC_NO_COMMON_BLOCKS = YES;
				GCC_OPTIMIZATION_LEVEL = 0;
				GCC_PREPROCESSOR_DEFINITIONS = (
					"DEBUG=1",
					"$(inherited)",
				);
				GCC_WARN_64_TO_32_BIT_CONVERSION = YES;
				GCC_WARN_ABOUT_RETURN_TYPE = YES_ERROR;
				GCC_WARN_UNDECLARED_SELECTOR = YES;
				GCC_WARN_UNINITIALIZED_AUTOS = YES_AGGRESSIVE;
				GCC_WARN_UNUSED_FUNCTION = YES;
				GCC_WARN_UNUSED_VARIABLE = YES;
				IPHONEOS_DEPLOYMENT_TARGET = 10.0;
				MTL_ENABLE_DEBUG_INFO = YES;
				ONLY_ACTIVE_ARCH = YES;
				SDKROOT = iphoneos;
				SWIFT_ACTIVE_COMPILATION_CONDITIONS = DEBUG;
				SWIFT_OPTIMIZATION_LEVEL = "-Onone";
			};
			name = Debug;
		};
		4382639A1DCDF5B20032C947 /* Release */ = {
			isa = XCBuildConfiguration;
			buildSettings = {
				ALWAYS_SEARCH_USER_PATHS = NO;
				CLANG_ANALYZER_NONNULL = YES;
				CLANG_CXX_LANGUAGE_STANDARD = "gnu++0x";
				CLANG_CXX_LIBRARY = "libc++";
				CLANG_ENABLE_MODULES = YES;
				CLANG_ENABLE_OBJC_ARC = YES;
				CLANG_WARN_BOOL_CONVERSION = YES;
				CLANG_WARN_CONSTANT_CONVERSION = YES;
				CLANG_WARN_DIRECT_OBJC_ISA_USAGE = YES_ERROR;
				CLANG_WARN_DOCUMENTATION_COMMENTS = YES;
				CLANG_WARN_EMPTY_BODY = YES;
				CLANG_WARN_ENUM_CONVERSION = YES;
				CLANG_WARN_INFINITE_RECURSION = YES;
				CLANG_WARN_INT_CONVERSION = YES;
				CLANG_WARN_OBJC_ROOT_CLASS = YES_ERROR;
				CLANG_WARN_SUSPICIOUS_MOVES = YES;
				CLANG_WARN_UNREACHABLE_CODE = YES;
				CLANG_WARN__DUPLICATE_METHOD_MATCH = YES;
				"CODE_SIGN_IDENTITY[sdk=iphoneos*]" = "iPhone Developer";
				COPY_PHASE_STRIP = NO;
				DEBUG_INFORMATION_FORMAT = "dwarf-with-dsym";
				ENABLE_NS_ASSERTIONS = NO;
				ENABLE_STRICT_OBJC_MSGSEND = YES;
				GCC_C_LANGUAGE_STANDARD = gnu99;
				GCC_NO_COMMON_BLOCKS = YES;
				GCC_WARN_64_TO_32_BIT_CONVERSION = YES;
				GCC_WARN_ABOUT_RETURN_TYPE = YES_ERROR;
				GCC_WARN_UNDECLARED_SELECTOR = YES;
				GCC_WARN_UNINITIALIZED_AUTOS = YES_AGGRESSIVE;
				GCC_WARN_UNUSED_FUNCTION = YES;
				GCC_WARN_UNUSED_VARIABLE = YES;
				IPHONEOS_DEPLOYMENT_TARGET = 10.0;
				MTL_ENABLE_DEBUG_INFO = NO;
				SDKROOT = iphoneos;
				SWIFT_OPTIMIZATION_LEVEL = "-Owholemodule";
				VALIDATE_PRODUCT = YES;
			};
			name = Release;
		};
		4382639C1DCDF5B20032C947 /* Debug */ = {
			isa = XCBuildConfiguration;
			buildSettings = {
				ASSETCATALOG_COMPILER_APPICON_NAME = AppIcon;
				DEVELOPMENT_TEAM = 7AH86L34EQ;
				INFOPLIST_FILE = OddEye/Info.plist;
				LD_RUNPATH_SEARCH_PATHS = "$(inherited) @executable_path/Frameworks";
				PRODUCT_BUNDLE_IDENTIFIER = br.com.guihsoft.OddEye;
				PRODUCT_NAME = "$(TARGET_NAME)";
				SWIFT_VERSION = 3.0;
			};
			name = Debug;
		};
		4382639D1DCDF5B20032C947 /* Release */ = {
			isa = XCBuildConfiguration;
			buildSettings = {
				ASSETCATALOG_COMPILER_APPICON_NAME = AppIcon;
				DEVELOPMENT_TEAM = 7AH86L34EQ;
				INFOPLIST_FILE = OddEye/Info.plist;
				LD_RUNPATH_SEARCH_PATHS = "$(inherited) @executable_path/Frameworks";
				PRODUCT_BUNDLE_IDENTIFIER = br.com.guihsoft.OddEye;
				PRODUCT_NAME = "$(TARGET_NAME)";
				SWIFT_VERSION = 3.0;
			};
			name = Release;
		};
/* End XCBuildConfiguration section */

/* Begin XCConfigurationList section */
		438263841DCDF5B20032C947 /* Build configuration list for PBXProject "OddEye" */ = {
			isa = XCConfigurationList;
			buildConfigurations = (
				438263991DCDF5B20032C947 /* Debug */,
				4382639A1DCDF5B20032C947 /* Release */,
			);
			defaultConfigurationIsVisible = 0;
			defaultConfigurationName = Release;
		};
		4382639B1DCDF5B20032C947 /* Build configuration list for PBXNativeTarget "OddEye" */ = {
			isa = XCConfigurationList;
			buildConfigurations = (
				4382639C1DCDF5B20032C947 /* Debug */,
				4382639D1DCDF5B20032C947 /* Release */,
			);
			defaultConfigurationIsVisible = 0;
		};
/* End XCConfigurationList section */
	};
	rootObject = 438263811DCDF5B20032C947 /* Project object */;
}
