// !$*UTF8*$!
{
	archiveVersion = 1;
	classes = {
	};
	objectVersion = 46;
	objects = {

/* Begin PBXBuildFile section */
		43067B361D9FE3A30021D336 /* AppDelegate.swift in Sources */ = {isa = PBXBuildFile; fileRef = 43067B351D9FE3A30021D336 /* AppDelegate.swift */; };
		43067B3B1D9FE3A30021D336 /* Main.storyboard in Resources */ = {isa = PBXBuildFile; fileRef = 43067B391D9FE3A30021D336 /* Main.storyboard */; };
		43067B3D1D9FE3A30021D336 /* Assets.xcassets in Resources */ = {isa = PBXBuildFile; fileRef = 43067B3C1D9FE3A30021D336 /* Assets.xcassets */; };
		43067B401D9FE3A30021D336 /* LaunchScreen.storyboard in Resources */ = {isa = PBXBuildFile; fileRef = 43067B3E1D9FE3A30021D336 /* LaunchScreen.storyboard */; };
		43067B4B1D9FE5C90021D336 /* btn-fechar@2x.png in Resources */ = {isa = PBXBuildFile; fileRef = 43067B491D9FE5C90021D336 /* btn-fechar@2x.png */; };
		43067B4C1D9FE5C90021D336 /* pizza-suprema@2x.jpg in Resources */ = {isa = PBXBuildFile; fileRef = 43067B4A1D9FE5C90021D336 /* pizza-suprema@2x.jpg */; };
		43067B4F1D9FF6290021D336 /* EscolhaSaborViewController.swift in Sources */ = {isa = PBXBuildFile; fileRef = 43067B4E1D9FF6290021D336 /* EscolhaSaborViewController.swift */; };
		43067B511D9FF6CC0021D336 /* DetalhesPedidoViewController.swift in Sources */ = {isa = PBXBuildFile; fileRef = 43067B501D9FF6CC0021D336 /* DetalhesPedidoViewController.swift */; };
		43067B531D9FF6F90021D336 /* PagamentoViewController.swift in Sources */ = {isa = PBXBuildFile; fileRef = 43067B521D9FF6F90021D336 /* PagamentoViewController.swift */; };
		43067B551D9FF72F0021D336 /* PedidoViewController.swift in Sources */ = {isa = PBXBuildFile; fileRef = 43067B541D9FF72F0021D336 /* PedidoViewController.swift */; };
		43067B571DA005000021D336 /* Arredondador.swift in Sources */ = {isa = PBXBuildFile; fileRef = 43067B561DA005000021D336 /* Arredondador.swift */; };
		43067B591DA01C760021D336 /* Pizza.swift in Sources */ = {isa = PBXBuildFile; fileRef = 43067B581DA01C760021D336 /* Pizza.swift */; };
		43067B5B1DA04F6E0021D336 /* String+Validações.swift in Sources */ = {isa = PBXBuildFile; fileRef = 43067B5A1DA04F6E0021D336 /* String+Validações.swift */; };
/* End PBXBuildFile section */

/* Begin PBXFileReference section */
		43067B321D9FE3A30021D336 /* Swift200_Day4_1_TextViewSwitchSegment.app */ = {isa = PBXFileReference; explicitFileType = wrapper.application; includeInIndex = 0; path = Swift200_Day4_1_TextViewSwitchSegment.app; sourceTree = BUILT_PRODUCTS_DIR; };
		43067B351D9FE3A30021D336 /* AppDelegate.swift */ = {isa = PBXFileReference; lastKnownFileType = sourcecode.swift; path = AppDelegate.swift; sourceTree = "<group>"; };
		43067B3A1D9FE3A30021D336 /* Base */ = {isa = PBXFileReference; lastKnownFileType = file.storyboard; name = Base; path = Base.lproj/Main.storyboard; sourceTree = "<group>"; };
		43067B3C1D9FE3A30021D336 /* Assets.xcassets */ = {isa = PBXFileReference; lastKnownFileType = folder.assetcatalog; path = Assets.xcassets; sourceTree = "<group>"; };
		43067B3F1D9FE3A30021D336 /* Base */ = {isa = PBXFileReference; lastKnownFileType = file.storyboard; name = Base; path = Base.lproj/LaunchScreen.storyboard; sourceTree = "<group>"; };
		43067B411D9FE3A30021D336 /* Info.plist */ = {isa = PBXFileReference; lastKnownFileType = text.plist.xml; name = Info.plist; path = Swift200_Day4_1_TextViewSwitchSegment/Info.plist; sourceTree = "<group>"; };
		43067B491D9FE5C90021D336 /* btn-fechar@2x.png */ = {isa = PBXFileReference; lastKnownFileType = image.png; name = "btn-fechar@2x.png"; path = "../btn-fechar@2x.png"; sourceTree = "<group>"; };
		43067B4A1D9FE5C90021D336 /* pizza-suprema@2x.jpg */ = {isa = PBXFileReference; lastKnownFileType = image.jpeg; name = "pizza-suprema@2x.jpg"; path = "../pizza-suprema@2x.jpg"; sourceTree = "<group>"; };
		43067B4E1D9FF6290021D336 /* EscolhaSaborViewController.swift */ = {isa = PBXFileReference; fileEncoding = 4; lastKnownFileType = sourcecode.swift; path = EscolhaSaborViewController.swift; sourceTree = "<group>"; };
		43067B501D9FF6CC0021D336 /* DetalhesPedidoViewController.swift */ = {isa = PBXFileReference; fileEncoding = 4; lastKnownFileType = sourcecode.swift; path = DetalhesPedidoViewController.swift; sourceTree = "<group>"; };
		43067B521D9FF6F90021D336 /* PagamentoViewController.swift */ = {isa = PBXFileReference; fileEncoding = 4; lastKnownFileType = sourcecode.swift; path = PagamentoViewController.swift; sourceTree = "<group>"; };
		43067B541D9FF72F0021D336 /* PedidoViewController.swift */ = {isa = PBXFileReference; fileEncoding = 4; lastKnownFileType = sourcecode.swift; path = PedidoViewController.swift; sourceTree = "<group>"; };
		43067B561DA005000021D336 /* Arredondador.swift */ = {isa = PBXFileReference; fileEncoding = 4; lastKnownFileType = sourcecode.swift; path = Arredondador.swift; sourceTree = "<group>"; };
		43067B581DA01C760021D336 /* Pizza.swift */ = {isa = PBXFileReference; fileEncoding = 4; lastKnownFileType = sourcecode.swift; path = Pizza.swift; sourceTree = "<group>"; };
		43067B5A1DA04F6E0021D336 /* String+Validações.swift */ = {isa = PBXFileReference; fileEncoding = 4; lastKnownFileType = sourcecode.swift; path = "String+Validações.swift"; sourceTree = "<group>"; };
/* End PBXFileReference section */

/* Begin PBXFrameworksBuildPhase section */
		43067B2F1D9FE3A30021D336 /* Frameworks */ = {
			isa = PBXFrameworksBuildPhase;
			buildActionMask = 2147483647;
			files = (
			);
			runOnlyForDeploymentPostprocessing = 0;
		};
/* End PBXFrameworksBuildPhase section */

/* Begin PBXGroup section */
		43067B291D9FE3A30021D336 = {
			isa = PBXGroup;
			children = (
				43067B341D9FE3A30021D336 /* Swift200_Day4_1_TextViewSwitchSegment */,
			);
			sourceTree = "<group>";
		};
		43067B331D9FE3A30021D336 /* Products */ = {
			isa = PBXGroup;
			children = (
				43067B321D9FE3A30021D336 /* Swift200_Day4_1_TextViewSwitchSegment.app */,
			);
			name = Products;
			sourceTree = "<group>";
		};
		43067B341D9FE3A30021D336 /* Swift200_Day4_1_TextViewSwitchSegment */ = {
			isa = PBXGroup;
			children = (
				43067B481D9FE3BD0021D336 /* Suporte */,
				43067B4D1D9FE67F0021D336 /* Imagens */,
				43067B471D9FE3AE0021D336 /* Layout */,
				43067B351D9FE3A30021D336 /* AppDelegate.swift */,
				43067B4E1D9FF6290021D336 /* EscolhaSaborViewController.swift */,
				43067B501D9FF6CC0021D336 /* DetalhesPedidoViewController.swift */,
				43067B521D9FF6F90021D336 /* PagamentoViewController.swift */,
				43067B541D9FF72F0021D336 /* PedidoViewController.swift */,
				43067B561DA005000021D336 /* Arredondador.swift */,
				43067B581DA01C760021D336 /* Pizza.swift */,
				43067B5A1DA04F6E0021D336 /* String+Validações.swift */,
			);
			path = Swift200_Day4_1_TextViewSwitchSegment;
			sourceTree = "<group>";
		};
		43067B471D9FE3AE0021D336 /* Layout */ = {
			isa = PBXGroup;
			children = (
				43067B391D9FE3A30021D336 /* Main.storyboard */,
				43067B3E1D9FE3A30021D336 /* LaunchScreen.storyboard */,
			);
			name = Layout;
			sourceTree = "<group>";
		};
		43067B481D9FE3BD0021D336 /* Suporte */ = {
			isa = PBXGroup;
			children = (
				43067B331D9FE3A30021D336 /* Products */,
				43067B411D9FE3A30021D336 /* Info.plist */,
			);
			name = Suporte;
			path = ..;
			sourceTree = "<group>";
		};
		43067B4D1D9FE67F0021D336 /* Imagens */ = {
			isa = PBXGroup;
			children = (
				43067B3C1D9FE3A30021D336 /* Assets.xcassets */,
				43067B491D9FE5C90021D336 /* btn-fechar@2x.png */,
				43067B4A1D9FE5C90021D336 /* pizza-suprema@2x.jpg */,
			);
			name = Imagens;
			sourceTree = "<group>";
		};
/* End PBXGroup section */

/* Begin PBXNativeTarget section */
		43067B311D9FE3A30021D336 /* Swift200_Day4_1_TextViewSwitchSegment */ = {
			isa = PBXNativeTarget;
			buildConfigurationList = 43067B441D9FE3A30021D336 /* Build configuration list for PBXNativeTarget "Swift200_Day4_1_TextViewSwitchSegment" */;
			buildPhases = (
				43067B2E1D9FE3A30021D336 /* Sources */,
				43067B2F1D9FE3A30021D336 /* Frameworks */,
				43067B301D9FE3A30021D336 /* Resources */,
			);
			buildRules = (
			);
			dependencies = (
			);
			name = Swift200_Day4_1_TextViewSwitchSegment;
			productName = Swift200_Day4_1_TextViewSwitchSegment;
			productReference = 43067B321D9FE3A30021D336 /* Swift200_Day4_1_TextViewSwitchSegment.app */;
			productType = "com.apple.product-type.application";
		};
/* End PBXNativeTarget section */

/* Begin PBXProject section */
		43067B2A1D9FE3A30021D336 /* Project object */ = {
			isa = PBXProject;
			attributes = {
				LastSwiftUpdateCheck = 0730;
				LastUpgradeCheck = 0730;
				ORGANIZATIONNAME = Guihsoft;
				TargetAttributes = {
					43067B311D9FE3A30021D336 = {
						CreatedOnToolsVersion = 7.3.1;
						LastSwiftMigration = 0800;
					};
				};
			};
			buildConfigurationList = 43067B2D1D9FE3A30021D336 /* Build configuration list for PBXProject "Swift200_Day4_1_TextViewSwitchSegment" */;
			compatibilityVersion = "Xcode 3.2";
			developmentRegion = English;
			hasScannedForEncodings = 0;
			knownRegions = (
				en,
				Base,
			);
			mainGroup = 43067B291D9FE3A30021D336;
			productRefGroup = 43067B331D9FE3A30021D336 /* Products */;
			projectDirPath = "";
			projectRoot = "";
			targets = (
				43067B311D9FE3A30021D336 /* Swift200_Day4_1_TextViewSwitchSegment */,
			);
		};
/* End PBXProject section */

/* Begin PBXResourcesBuildPhase section */
		43067B301D9FE3A30021D336 /* Resources */ = {
			isa = PBXResourcesBuildPhase;
			buildActionMask = 2147483647;
			files = (
				43067B4B1D9FE5C90021D336 /* btn-fechar@2x.png in Resources */,
				43067B401D9FE3A30021D336 /* LaunchScreen.storyboard in Resources */,
				43067B3D1D9FE3A30021D336 /* Assets.xcassets in Resources */,
				43067B4C1D9FE5C90021D336 /* pizza-suprema@2x.jpg in Resources */,
				43067B3B1D9FE3A30021D336 /* Main.storyboard in Resources */,
			);
			runOnlyForDeploymentPostprocessing = 0;
		};
/* End PBXResourcesBuildPhase section */

/* Begin PBXSourcesBuildPhase section */
		43067B2E1D9FE3A30021D336 /* Sources */ = {
			isa = PBXSourcesBuildPhase;
			buildActionMask = 2147483647;
			files = (
				43067B591DA01C760021D336 /* Pizza.swift in Sources */,
				43067B571DA005000021D336 /* Arredondador.swift in Sources */,
				43067B531D9FF6F90021D336 /* PagamentoViewController.swift in Sources */,
				43067B5B1DA04F6E0021D336 /* String+Validações.swift in Sources */,
				43067B361D9FE3A30021D336 /* AppDelegate.swift in Sources */,
				43067B551D9FF72F0021D336 /* PedidoViewController.swift in Sources */,
				43067B4F1D9FF6290021D336 /* EscolhaSaborViewController.swift in Sources */,
				43067B511D9FF6CC0021D336 /* DetalhesPedidoViewController.swift in Sources */,
			);
			runOnlyForDeploymentPostprocessing = 0;
		};
/* End PBXSourcesBuildPhase section */

/* Begin PBXVariantGroup section */
		43067B391D9FE3A30021D336 /* Main.storyboard */ = {
			isa = PBXVariantGroup;
			children = (
				43067B3A1D9FE3A30021D336 /* Base */,
			);
			name = Main.storyboard;
			sourceTree = "<group>";
		};
		43067B3E1D9FE3A30021D336 /* LaunchScreen.storyboard */ = {
			isa = PBXVariantGroup;
			children = (
				43067B3F1D9FE3A30021D336 /* Base */,
			);
			name = LaunchScreen.storyboard;
			sourceTree = "<group>";
		};
/* End PBXVariantGroup section */

/* Begin XCBuildConfiguration section */
		43067B421D9FE3A30021D336 /* Debug */ = {
			isa = XCBuildConfiguration;
			buildSettings = {
				ALWAYS_SEARCH_USER_PATHS = NO;
				CLANG_ANALYZER_NONNULL = YES;
				CLANG_CXX_LANGUAGE_STANDARD = "gnu++0x";
				CLANG_CXX_LIBRARY = "libc++";
				CLANG_ENABLE_MODULES = YES;
				CLANG_ENABLE_OBJC_ARC = YES;
				CLANG_WARN_BOOL_CONVERSION = YES;
				CLANG_WARN_CONSTANT_CONVERSION = YES;
				CLANG_WARN_DIRECT_OBJC_ISA_USAGE = YES_ERROR;
				CLANG_WARN_EMPTY_BODY = YES;
				CLANG_WARN_ENUM_CONVERSION = YES;
				CLANG_WARN_INT_CONVERSION = YES;
				CLANG_WARN_OBJC_ROOT_CLASS = YES_ERROR;
				CLANG_WARN_UNREACHABLE_CODE = YES;
				CLANG_WARN__DUPLICATE_METHOD_MATCH = YES;
				"CODE_SIGN_IDENTITY[sdk=iphoneos*]" = "iPhone Developer";
				COPY_PHASE_STRIP = NO;
				DEBUG_INFORMATION_FORMAT = dwarf;
				ENABLE_STRICT_OBJC_MSGSEND = YES;
				ENABLE_TESTABILITY = YES;
				GCC_C_LANGUAGE_STANDARD = gnu99;
				GCC_DYNAMIC_NO_PIC = NO;
				GCC_NO_COMMON_BLOCKS = YES;
				GCC_OPTIMIZATION_LEVEL = 0;
				GCC_PREPROCESSOR_DEFINITIONS = (
					"DEBUG=1",
					"$(inherited)",
				);
				GCC_WARN_64_TO_32_BIT_CONVERSION = YES;
				GCC_WARN_ABOUT_RETURN_TYPE = YES_ERROR;
				GCC_WARN_UNDECLARED_SELECTOR = YES;
				GCC_WARN_UNINITIALIZED_AUTOS = YES_AGGRESSIVE;
				GCC_WARN_UNUSED_FUNCTION = YES;
				GCC_WARN_UNUSED_VARIABLE = YES;
				IPHONEOS_DEPLOYMENT_TARGET = 9.3;
				MTL_ENABLE_DEBUG_INFO = YES;
				ONLY_ACTIVE_ARCH = YES;
				SDKROOT = iphoneos;
				SWIFT_OPTIMIZATION_LEVEL = "-Onone";
			};
			name = Debug;
		};
		43067B431D9FE3A30021D336 /* Release */ = {
			isa = XCBuildConfiguration;
			buildSettings = {
				ALWAYS_SEARCH_USER_PATHS = NO;
				CLANG_ANALYZER_NONNULL = YES;
				CLANG_CXX_LANGUAGE_STANDARD = "gnu++0x";
				CLANG_CXX_LIBRARY = "libc++";
				CLANG_ENABLE_MODULES = YES;
				CLANG_ENABLE_OBJC_ARC = YES;
				CLANG_WARN_BOOL_CONVERSION = YES;
				CLANG_WARN_CONSTANT_CONVERSION = YES;
				CLANG_WARN_DIRECT_OBJC_ISA_USAGE = YES_ERROR;
				CLANG_WARN_EMPTY_BODY = YES;
				CLANG_WARN_ENUM_CONVERSION = YES;
				CLANG_WARN_INT_CONVERSION = YES;
				CLANG_WARN_OBJC_ROOT_CLASS = YES_ERROR;
				CLANG_WARN_UNREACHABLE_CODE = YES;
				CLANG_WARN__DUPLICATE_METHOD_MATCH = YES;
				"CODE_SIGN_IDENTITY[sdk=iphoneos*]" = "iPhone Developer";
				COPY_PHASE_STRIP = NO;
				DEBUG_INFORMATION_FORMAT = "dwarf-with-dsym";
				ENABLE_NS_ASSERTIONS = NO;
				ENABLE_STRICT_OBJC_MSGSEND = YES;
				GCC_C_LANGUAGE_STANDARD = gnu99;
				GCC_NO_COMMON_BLOCKS = YES;
				GCC_WARN_64_TO_32_BIT_CONVERSION = YES;
				GCC_WARN_ABOUT_RETURN_TYPE = YES_ERROR;
				GCC_WARN_UNDECLARED_SELECTOR = YES;
				GCC_WARN_UNINITIALIZED_AUTOS = YES_AGGRESSIVE;
				GCC_WARN_UNUSED_FUNCTION = YES;
				GCC_WARN_UNUSED_VARIABLE = YES;
				IPHONEOS_DEPLOYMENT_TARGET = 9.3;
				MTL_ENABLE_DEBUG_INFO = NO;
				SDKROOT = iphoneos;
				VALIDATE_PRODUCT = YES;
			};
			name = Release;
		};
		43067B451D9FE3A30021D336 /* Debug */ = {
			isa = XCBuildConfiguration;
			buildSettings = {
				ASSETCATALOG_COMPILER_APPICON_NAME = AppIcon;
				INFOPLIST_FILE = Swift200_Day4_1_TextViewSwitchSegment/Info.plist;
				LD_RUNPATH_SEARCH_PATHS = "$(inherited) @executable_path/Frameworks";
				PRODUCT_BUNDLE_IDENTIFIER = "br.com.guihsoft.Swift200-Day4-1-TextViewSwitchSegment";
				PRODUCT_NAME = "$(TARGET_NAME)";
				SWIFT_VERSION = 3.0;
			};
			name = Debug;
		};
		43067B461D9FE3A30021D336 /* Release */ = {
			isa = XCBuildConfiguration;
			buildSettings = {
				ASSETCATALOG_COMPILER_APPICON_NAME = AppIcon;
				INFOPLIST_FILE = Swift200_Day4_1_TextViewSwitchSegment/Info.plist;
				LD_RUNPATH_SEARCH_PATHS = "$(inherited) @executable_path/Frameworks";
				PRODUCT_BUNDLE_IDENTIFIER = "br.com.guihsoft.Swift200-Day4-1-TextViewSwitchSegment";
				PRODUCT_NAME = "$(TARGET_NAME)";
				SWIFT_VERSION = 3.0;
			};
			name = Release;
		};
/* End XCBuildConfiguration section */

/* Begin XCConfigurationList section */
		43067B2D1D9FE3A30021D336 /* Build configuration list for PBXProject "Swift200_Day4_1_TextViewSwitchSegment" */ = {
			isa = XCConfigurationList;
			buildConfigurations = (
				43067B421D9FE3A30021D336 /* Debug */,
				43067B431D9FE3A30021D336 /* Release */,
			);
			defaultConfigurationIsVisible = 0;
			defaultConfigurationName = Release;
		};
		43067B441D9FE3A30021D336 /* Build configuration list for PBXNativeTarget "Swift200_Day4_1_TextViewSwitchSegment" */ = {
			isa = XCConfigurationList;
			buildConfigurations = (
				43067B451D9FE3A30021D336 /* Debug */,
				43067B461D9FE3A30021D336 /* Release */,
			);
			defaultConfigurationIsVisible = 0;
			defaultConfigurationName = Release;
		};
/* End XCConfigurationList section */
	};
	rootObject = 43067B2A1D9FE3A30021D336 /* Project object */;
}
