// !$*UTF8*$!
{
	archiveVersion = 1;
	classes = {
	};
	objectVersion = 46;
	objects = {

/* Begin PBXBuildFile section */
		43FC83A31DB272D900DBA9DB /* AppDelegate.swift in Sources */ = {isa = PBXBuildFile; fileRef = 43FC83A21DB272D900DBA9DB /* AppDelegate.swift */; };
		43FC83A51DB272D900DBA9DB /* ViewController.swift in Sources */ = {isa = PBXBuildFile; fileRef = 43FC83A41DB272D900DBA9DB /* ViewController.swift */; };
		43FC83A81DB272D900DBA9DB /* Main.storyboard in Resources */ = {isa = PBXBuildFile; fileRef = 43FC83A61DB272D900DBA9DB /* Main.storyboard */; };
		43FC83AA1DB272D900DBA9DB /* Assets.xcassets in Resources */ = {isa = PBXBuildFile; fileRef = 43FC83A91DB272D900DBA9DB /* Assets.xcassets */; };
		43FC83AD1DB272D900DBA9DB /* LaunchScreen.storyboard in Resources */ = {isa = PBXBuildFile; fileRef = 43FC83AB1DB272D900DBA9DB /* LaunchScreen.storyboard */; };
/* End PBXBuildFile section */

/* Begin PBXFileReference section */
		43FC839F1DB272D900DBA9DB /* Swift200_Day6_2_AutoLayoutPickerToolbar.app */ = {isa = PBXFileReference; explicitFileType = wrapper.application; includeInIndex = 0; path = Swift200_Day6_2_AutoLayoutPickerToolbar.app; sourceTree = BUILT_PRODUCTS_DIR; };
		43FC83A21DB272D900DBA9DB /* AppDelegate.swift */ = {isa = PBXFileReference; lastKnownFileType = sourcecode.swift; path = AppDelegate.swift; sourceTree = "<group>"; };
		43FC83A41DB272D900DBA9DB /* ViewController.swift */ = {isa = PBXFileReference; lastKnownFileType = sourcecode.swift; path = ViewController.swift; sourceTree = "<group>"; };
		43FC83A71DB272D900DBA9DB /* Base */ = {isa = PBXFileReference; lastKnownFileType = file.storyboard; name = Base; path = Base.lproj/Main.storyboard; sourceTree = "<group>"; };
		43FC83A91DB272D900DBA9DB /* Assets.xcassets */ = {isa = PBXFileReference; lastKnownFileType = folder.assetcatalog; path = Assets.xcassets; sourceTree = "<group>"; };
		43FC83AC1DB272D900DBA9DB /* Base */ = {isa = PBXFileReference; lastKnownFileType = file.storyboard; name = Base; path = Base.lproj/LaunchScreen.storyboard; sourceTree = "<group>"; };
		43FC83AE1DB272D900DBA9DB /* Info.plist */ = {isa = PBXFileReference; lastKnownFileType = text.plist.xml; path = Info.plist; sourceTree = "<group>"; };
/* End PBXFileReference section */

/* Begin PBXFrameworksBuildPhase section */
		43FC839C1DB272D900DBA9DB /* Frameworks */ = {
			isa = PBXFrameworksBuildPhase;
			buildActionMask = 2147483647;
			files = (
			);
			runOnlyForDeploymentPostprocessing = 0;
		};
/* End PBXFrameworksBuildPhase section */

/* Begin PBXGroup section */
		43FC83961DB272D900DBA9DB = {
			isa = PBXGroup;
			children = (
				43FC83A11DB272D900DBA9DB /* Swift200_Day6_2_AutoLayoutPickerToolbar */,
			);
			sourceTree = "<group>";
		};
		43FC83A01DB272D900DBA9DB /* Products */ = {
			isa = PBXGroup;
			children = (
				43FC839F1DB272D900DBA9DB /* Swift200_Day6_2_AutoLayoutPickerToolbar.app */,
			);
			name = Products;
			path = ..;
			sourceTree = "<group>";
		};
		43FC83A11DB272D900DBA9DB /* Swift200_Day6_2_AutoLayoutPickerToolbar */ = {
			isa = PBXGroup;
			children = (
				43FC83B61DB273B000DBA9DB /* Support */,
				43FC83B71DB273BA00DBA9DB /* Images */,
				43FC83B81DB273C200DBA9DB /* Layout */,
				43FC83A21DB272D900DBA9DB /* AppDelegate.swift */,
				43FC83A41DB272D900DBA9DB /* ViewController.swift */,
			);
			path = Swift200_Day6_2_AutoLayoutPickerToolbar;
			sourceTree = "<group>";
		};
		43FC83B61DB273B000DBA9DB /* Support */ = {
			isa = PBXGroup;
			children = (
				43FC83A01DB272D900DBA9DB /* Products */,
				43FC83AE1DB272D900DBA9DB /* Info.plist */,
			);
			name = Support;
			sourceTree = "<group>";
		};
		43FC83B71DB273BA00DBA9DB /* Images */ = {
			isa = PBXGroup;
			children = (
				43FC83A91DB272D900DBA9DB /* Assets.xcassets */,
			);
			name = Images;
			sourceTree = "<group>";
		};
		43FC83B81DB273C200DBA9DB /* Layout */ = {
			isa = PBXGroup;
			children = (
				43FC83A61DB272D900DBA9DB /* Main.storyboard */,
				43FC83AB1DB272D900DBA9DB /* LaunchScreen.storyboard */,
			);
			name = Layout;
			sourceTree = "<group>";
		};
/* End PBXGroup section */

/* Begin PBXNativeTarget section */
		43FC839E1DB272D900DBA9DB /* Swift200_Day6_2_AutoLayoutPickerToolbar */ = {
			isa = PBXNativeTarget;
			buildConfigurationList = 43FC83B11DB272D900DBA9DB /* Build configuration list for PBXNativeTarget "Swift200_Day6_2_AutoLayoutPickerToolbar" */;
			buildPhases = (
				43FC839B1DB272D900DBA9DB /* Sources */,
				43FC839C1DB272D900DBA9DB /* Frameworks */,
				43FC839D1DB272D900DBA9DB /* Resources */,
			);
			buildRules = (
			);
			dependencies = (
			);
			name = Swift200_Day6_2_AutoLayoutPickerToolbar;
			productName = Swift200_Day6_2_AutoLayoutPickerToolbar;
			productReference = 43FC839F1DB272D900DBA9DB /* Swift200_Day6_2_AutoLayoutPickerToolbar.app */;
			productType = "com.apple.product-type.application";
		};
/* End PBXNativeTarget section */

/* Begin PBXProject section */
		43FC83971DB272D900DBA9DB /* Project object */ = {
			isa = PBXProject;
			attributes = {
				LastSwiftUpdateCheck = 0800;
				LastUpgradeCheck = 0800;
				ORGANIZATIONNAME = Guihsoft;
				TargetAttributes = {
					43FC839E1DB272D900DBA9DB = {
						CreatedOnToolsVersion = 8.0;
						DevelopmentTeam = 7AH86L34EQ;
						ProvisioningStyle = Automatic;
					};
				};
			};
			buildConfigurationList = 43FC839A1DB272D900DBA9DB /* Build configuration list for PBXProject "Swift200_Day6_2_AutoLayoutPickerToolbar" */;
			compatibilityVersion = "Xcode 3.2";
			developmentRegion = English;
			hasScannedForEncodings = 0;
			knownRegions = (
				en,
				Base,
			);
			mainGroup = 43FC83961DB272D900DBA9DB;
			productRefGroup = 43FC83A01DB272D900DBA9DB /* Products */;
			projectDirPath = "";
			projectRoot = "";
			targets = (
				43FC839E1DB272D900DBA9DB /* Swift200_Day6_2_AutoLayoutPickerToolbar */,
			);
		};
/* End PBXProject section */

/* Begin PBXResourcesBuildPhase section */
		43FC839D1DB272D900DBA9DB /* Resources */ = {
			isa = PBXResourcesBuildPhase;
			buildActionMask = 2147483647;
			files = (
				43FC83AD1DB272D900DBA9DB /* LaunchScreen.storyboard in Resources */,
				43FC83AA1DB272D900DBA9DB /* Assets.xcassets in Resources */,
				43FC83A81DB272D900DBA9DB /* Main.storyboard in Resources */,
			);
			runOnlyForDeploymentPostprocessing = 0;
		};
/* End PBXResourcesBuildPhase section */

/* Begin PBXSourcesBuildPhase section */
		43FC839B1DB272D900DBA9DB /* Sources */ = {
			isa = PBXSourcesBuildPhase;
			buildActionMask = 2147483647;
			files = (
				43FC83A51DB272D900DBA9DB /* ViewController.swift in Sources */,
				43FC83A31DB272D900DBA9DB /* AppDelegate.swift in Sources */,
			);
			runOnlyForDeploymentPostprocessing = 0;
		};
/* End PBXSourcesBuildPhase section */

/* Begin PBXVariantGroup section */
		43FC83A61DB272D900DBA9DB /* Main.storyboard */ = {
			isa = PBXVariantGroup;
			children = (
				43FC83A71DB272D900DBA9DB /* Base */,
			);
			name = Main.storyboard;
			sourceTree = "<group>";
		};
		43FC83AB1DB272D900DBA9DB /* LaunchScreen.storyboard */ = {
			isa = PBXVariantGroup;
			children = (
				43FC83AC1DB272D900DBA9DB /* Base */,
			);
			name = LaunchScreen.storyboard;
			sourceTree = "<group>";
		};
/* End PBXVariantGroup section */

/* Begin XCBuildConfiguration section */
		43FC83AF1DB272D900DBA9DB /* Debug */ = {
			isa = XCBuildConfiguration;
			buildSettings = {
				ALWAYS_SEARCH_USER_PATHS = NO;
				CLANG_ANALYZER_NONNULL = YES;
				CLANG_CXX_LANGUAGE_STANDARD = "gnu++0x";
				CLANG_CXX_LIBRARY = "libc++";
				CLANG_ENABLE_MODULES = YES;
				CLANG_ENABLE_OBJC_ARC = YES;
				CLANG_WARN_BOOL_CONVERSION = YES;
				CLANG_WARN_CONSTANT_CONVERSION = YES;
				CLANG_WARN_DIRECT_OBJC_ISA_USAGE = YES_ERROR;
				CLANG_WARN_DOCUMENTATION_COMMENTS = YES;
				CLANG_WARN_EMPTY_BODY = YES;
				CLANG_WARN_ENUM_CONVERSION = YES;
				CLANG_WARN_INFINITE_RECURSION = YES;
				CLANG_WARN_INT_CONVERSION = YES;
				CLANG_WARN_OBJC_ROOT_CLASS = YES_ERROR;
				CLANG_WARN_SUSPICIOUS_MOVES = YES;
				CLANG_WARN_UNREACHABLE_CODE = YES;
				CLANG_WARN__DUPLICATE_METHOD_MATCH = YES;
				"CODE_SIGN_IDENTITY[sdk=iphoneos*]" = "iPhone Developer";
				COPY_PHASE_STRIP = NO;
				DEBUG_INFORMATION_FORMAT = dwarf;
				ENABLE_STRICT_OBJC_MSGSEND = YES;
				ENABLE_TESTABILITY = YES;
				GCC_C_LANGUAGE_STANDARD = gnu99;
				GCC_DYNAMIC_NO_PIC = NO;
				GCC_NO_COMMON_BLOCKS = YES;
				GCC_OPTIMIZATION_LEVEL = 0;
				GCC_PREPROCESSOR_DEFINITIONS = (
					"DEBUG=1",
					"$(inherited)",
				);
				GCC_WARN_64_TO_32_BIT_CONVERSION = YES;
				GCC_WARN_ABOUT_RETURN_TYPE = YES_ERROR;
				GCC_WARN_UNDECLARED_SELECTOR = YES;
				GCC_WARN_UNINITIALIZED_AUTOS = YES_AGGRESSIVE;
				GCC_WARN_UNUSED_FUNCTION = YES;
				GCC_WARN_UNUSED_VARIABLE = YES;
				IPHONEOS_DEPLOYMENT_TARGET = 10.0;
				MTL_ENABLE_DEBUG_INFO = YES;
				ONLY_ACTIVE_ARCH = YES;
				SDKROOT = iphoneos;
				SWIFT_ACTIVE_COMPILATION_CONDITIONS = DEBUG;
				SWIFT_OPTIMIZATION_LEVEL = "-Onone";
			};
			name = Debug;
		};
		43FC83B01DB272D900DBA9DB /* Release */ = {
			isa = XCBuildConfiguration;
			buildSettings = {
				ALWAYS_SEARCH_USER_PATHS = NO;
				CLANG_ANALYZER_NONNULL = YES;
				CLANG_CXX_LANGUAGE_STANDARD = "gnu++0x";
				CLANG_CXX_LIBRARY = "libc++";
				CLANG_ENABLE_MODULES = YES;
				CLANG_ENABLE_OBJC_ARC = YES;
				CLANG_WARN_BOOL_CONVERSION = YES;
				CLANG_WARN_CONSTANT_CONVERSION = YES;
				CLANG_WARN_DIRECT_OBJC_ISA_USAGE = YES_ERROR;
				CLANG_WARN_DOCUMENTATION_COMMENTS = YES;
				CLANG_WARN_EMPTY_BODY = YES;
				CLANG_WARN_ENUM_CONVERSION = YES;
				CLANG_WARN_INFINITE_RECURSION = YES;
				CLANG_WARN_INT_CONVERSION = YES;
				CLANG_WARN_OBJC_ROOT_CLASS = YES_ERROR;
				CLANG_WARN_SUSPICIOUS_MOVES = YES;
				CLANG_WARN_UNREACHABLE_CODE = YES;
				CLANG_WARN__DUPLICATE_METHOD_MATCH = YES;
				"CODE_SIGN_IDENTITY[sdk=iphoneos*]" = "iPhone Developer";
				COPY_PHASE_STRIP = NO;
				DEBUG_INFORMATION_FORMAT = "dwarf-with-dsym";
				ENABLE_NS_ASSERTIONS = NO;
				ENABLE_STRICT_OBJC_MSGSEND = YES;
				GCC_C_LANGUAGE_STANDARD = gnu99;
				GCC_NO_COMMON_BLOCKS = YES;
				GCC_WARN_64_TO_32_BIT_CONVERSION = YES;
				GCC_WARN_ABOUT_RETURN_TYPE = YES_ERROR;
				GCC_WARN_UNDECLARED_SELECTOR = YES;
				GCC_WARN_UNINITIALIZED_AUTOS = YES_AGGRESSIVE;
				GCC_WARN_UNUSED_FUNCTION = YES;
				GCC_WARN_UNUSED_VARIABLE = YES;
				IPHONEOS_DEPLOYMENT_TARGET = 10.0;
				MTL_ENABLE_DEBUG_INFO = NO;
				SDKROOT = iphoneos;
				SWIFT_OPTIMIZATION_LEVEL = "-Owholemodule";
				VALIDATE_PRODUCT = YES;
			};
			name = Release;
		};
		43FC83B21DB272D900DBA9DB /* Debug */ = {
			isa = XCBuildConfiguration;
			buildSettings = {
				ASSETCATALOG_COMPILER_APPICON_NAME = AppIcon;
				DEVELOPMENT_TEAM = 7AH86L34EQ;
				INFOPLIST_FILE = Swift200_Day6_2_AutoLayoutPickerToolbar/Info.plist;
				LD_RUNPATH_SEARCH_PATHS = "$(inherited) @executable_path/Frameworks";
				PRODUCT_BUNDLE_IDENTIFIER = "br.com.guihsoft.Swift200-Day6-2-AutoLayoutPickerToolbar";
				PRODUCT_NAME = "$(TARGET_NAME)";
				SWIFT_VERSION = 3.0;
			};
			name = Debug;
		};
		43FC83B31DB272D900DBA9DB /* Release */ = {
			isa = XCBuildConfiguration;
			buildSettings = {
				ASSETCATALOG_COMPILER_APPICON_NAME = AppIcon;
				DEVELOPMENT_TEAM = 7AH86L34EQ;
				INFOPLIST_FILE = Swift200_Day6_2_AutoLayoutPickerToolbar/Info.plist;
				LD_RUNPATH_SEARCH_PATHS = "$(inherited) @executable_path/Frameworks";
				PRODUCT_BUNDLE_IDENTIFIER = "br.com.guihsoft.Swift200-Day6-2-AutoLayoutPickerToolbar";
				PRODUCT_NAME = "$(TARGET_NAME)";
				SWIFT_VERSION = 3.0;
			};
			name = Release;
		};
/* End XCBuildConfiguration section */

/* Begin XCConfigurationList section */
		43FC839A1DB272D900DBA9DB /* Build configuration list for PBXProject "Swift200_Day6_2_AutoLayoutPickerToolbar" */ = {
			isa = XCConfigurationList;
			buildConfigurations = (
				43FC83AF1DB272D900DBA9DB /* Debug */,
				43FC83B01DB272D900DBA9DB /* Release */,
			);
			defaultConfigurationIsVisible = 0;
			defaultConfigurationName = Release;
		};
		43FC83B11DB272D900DBA9DB /* Build configuration list for PBXNativeTarget "Swift200_Day6_2_AutoLayoutPickerToolbar" */ = {
			isa = XCConfigurationList;
			buildConfigurations = (
				43FC83B21DB272D900DBA9DB /* Debug */,
				43FC83B31DB272D900DBA9DB /* Release */,
			);
			defaultConfigurationIsVisible = 0;
		};
/* End XCConfigurationList section */
	};
	rootObject = 43FC83971DB272D900DBA9DB /* Project object */;
}
