<?xml version="1.0" encoding="UTF-8"?>
<Scheme
   LastUpgradeVersion = "0800"
   version = "1.3">
   <BuildAction
      parallelizeBuildables = "YES"
      buildImplicitDependencies = "YES">
      <BuildActionEntries>
         <BuildActionEntry
            buildForTesting = "YES"
            buildForRunning = "YES"
            buildForProfiling = "YES"
            buildForArchiving = "YES"
            buildForAnalyzing = "YES">
            <BuildableReference
               BuildableIdentifier = "primary"
               BlueprintIdentifier = "43A0721F1DBB82CC005241F2"
               BuildableName = "Swift200_Day7_1_DatePicker.AlertViewController.Date.app"
               BlueprintName = "Swift200_Day7_1_DatePicker.AlertViewController.Date"
               ReferencedContainer = "container:Swift200_Day7_1_DatePicker.AlertViewController.Date.xcodeproj">
            </BuildableReference>
         </BuildActionEntry>
      </BuildActionEntries>
   </BuildAction>
   <TestAction
      buildConfiguration = "Debug"
      selectedDebuggerIdentifier = "Xcode.DebuggerFoundation.Debugger.LLDB"
      selectedLauncherIdentifier = "Xcode.DebuggerFoundation.Launcher.LLDB"
      shouldUseLaunchSchemeArgsEnv = "YES">
      <Testables>
      </Testables>
      <MacroExpansion>
         <BuildableReference
            BuildableIdentifier = "primary"
            BlueprintIdentifier = "43A0721F1DBB82CC005241F2"
            BuildableName = "Swift200_Day7_1_DatePicker.AlertViewController.Date.app"
            BlueprintName = "Swift200_Day7_1_DatePicker.AlertViewController.Date"
            ReferencedContainer = "container:Swift200_Day7_1_DatePicker.AlertViewController.Date.xcodeproj">
         </BuildableReference>
      </MacroExpansion>
      <AdditionalOptions>
      </AdditionalOptions>
   </TestAction>
   <LaunchAction
      buildConfiguration = "Debug"
      selectedDebuggerIdentifier = "Xcode.DebuggerFoundation.Debugger.LLDB"
      selectedLauncherIdentifier = "Xcode.DebuggerFoundation.Launcher.LLDB"
      launchStyle = "0"
      useCustomWorkingDirectory = "NO"
      ignoresPersistentStateOnLaunch = "NO"
      debugDocumentVersioning = "YES"
      debugServiceExtension = "internal"
      allowLocationSimulation = "YES">
      <BuildableProductRunnable
         runnableDebuggingMode = "0">
         <BuildableReference
            BuildableIdentifier = "primary"
            BlueprintIdentifier = "43A0721F1DBB82CC005241F2"
            BuildableName = "Swift200_Day7_1_DatePicker.AlertViewController.Date.app"
            BlueprintName = "Swift200_Day7_1_DatePicker.AlertViewController.Date"
            ReferencedContainer = "container:Swift200_Day7_1_DatePicker.AlertViewController.Date.xcodeproj">
         </BuildableReference>
      </BuildableProductRunnable>
      <AdditionalOptions>
      </AdditionalOptions>
   </LaunchAction>
   <ProfileAction
      buildConfiguration = "Release"
      shouldUseLaunchSchemeArgsEnv = "YES"
      savedToolIdentifier = ""
      useCustomWorkingDirectory = "NO"
      debugDocumentVersioning = "YES">
      <BuildableProductRunnable
         runnableDebuggingMode = "0">
         <BuildableReference
            BuildableIdentifier = "primary"
            BlueprintIdentifier = "43A0721F1DBB82CC005241F2"
            BuildableName = "Swift200_Day7_1_DatePicker.AlertViewController.Date.app"
            BlueprintName = "Swift200_Day7_1_DatePicker.AlertViewController.Date"
            ReferencedContainer = "container:Swift200_Day7_1_DatePicker.AlertViewController.Date.xcodeproj">
         </BuildableReference>
      </BuildableProductRunnable>
   </ProfileAction>
   <AnalyzeAction
      buildConfiguration = "Debug">
   </AnalyzeAction>
   <ArchiveAction
      buildConfiguration = "Release"
      revealArchiveInOrganizer = "YES">
   </ArchiveAction>
</Scheme>
